{
  "name": "soccer",
  "version": "1.0.0",
  "lockfileVersion": 3,
  "requires": true,
  "packages": {
    "": {
      "name": "soccer",
      "version": "1.0.0",
      "license": "ISC",
      "dependencies": {
        "html-template-tag-stream": "^2.0.0",
        "idb-keyval": "^6.2.1",
        "mpa-enhancer": "^2.1.0",
        "promise-validation": "^4.0.1"
      }
    },
    "node_modules/html-template-tag-stream": {
      "version": "2.0.0",
      "resolved": "https://registry.npmjs.org/html-template-tag-stream/-/html-template-tag-stream-2.0.0.tgz",
      "integrity": "sha512-2tlL1XKLOj2pL+UwsxzYQ2lBlpv2dfvr4dwuiQRCY8UCUzpxGVGQxKqryXO4RCXLkAqksgKkOLeGvWiCzJKm3Q=="
    },
    "node_modules/idb-keyval": {
      "version": "6.2.1",
      "resolved": "https://registry.npmjs.org/idb-keyval/-/idb-keyval-6.2.1.tgz",
      "integrity": "sha512-8Sb3veuYCyrZL+VBt9LJfZjLUPWVvqn8tG28VqYNFCo43KHcKuq+b4EiXGeuaLAQWL2YmyDgMp2aSpH9JHsEQg=="
    },
    "node_modules/mpa-enhancer": {
      "version": "2.1.0",
      "resolved": "https://registry.npmjs.org/mpa-enhancer/-/mpa-enhancer-2.1.0.tgz",
      "integrity": "sha512-s+cFWbx0KIX3TcQamhJr3ldvlDIBV5cTpC1CURkl87y2Zh8GXlX8SSqh6FwHlBg+pT5fxvz4TkjXbdKCF7sefA==",
      "dependencies": {
        "html-template-tag-stream": "^1.1.2",
        "idb-keyval": "^6.2.1",
        "todomvc-app-css": "^2.4.2",
        "todomvc-common": "^1.0.5"
      }
    },
    "node_modules/mpa-enhancer/node_modules/html-template-tag-stream": {
      "version": "1.1.2",
      "resolved": "https://registry.npmjs.org/html-template-tag-stream/-/html-template-tag-stream-1.1.2.tgz",
      "integrity": "sha512-N5ded4BYfawjvw69OO7ea43SyL9JyU6gWrKHmz2nJNsJh0UDbDMF1GBrvPsFOQ+mjVrsCsYKkTVCfZDnl4krfQ=="
    },
    "node_modules/promise-validation": {
      "version": "4.0.1",
      "resolved": "https://registry.npmjs.org/promise-validation/-/promise-validation-4.0.1.tgz",
      "integrity": "sha512-borCAHiSJjxzAixTbBNIFUTyDlriDmZ3rIqcUX59j7DVqUkJ3Skktzq/KTjVqFJzk4XKHFVJ0BXVO+UP+eipNQ==",
      "dependencies": {
        "typescript": "^5.0.4"
      }
    },
    "node_modules/todomvc-app-css": {
      "version": "2.4.2",
      "resolved": "https://registry.npmjs.org/todomvc-app-css/-/todomvc-app-css-2.4.2.tgz",
      "integrity": "sha512-ViAkQ7ed89rmhFIGRsT36njN+97z8+s3XsJnB8E2IKOq+/SLD/6PtSvmTtiwUcVk39qPcjAc/OyeDys4LoJUVg=="
    },
    "node_modules/todomvc-common": {
      "version": "1.0.5",
      "resolved": "https://registry.npmjs.org/todomvc-common/-/todomvc-common-1.0.5.tgz",
      "integrity": "sha512-D8kEJmxVMQIWwztEdH+WeiAfXRbbSCpgXq4NkYi+gduJ2tr8CNq7sYLfJvjpQ10KD9QxJwig57rvMbV2QAESwQ=="
    },
    "node_modules/typescript": {
      "version": "5.1.6",
      "resolved": "https://registry.npmjs.org/typescript/-/typescript-5.1.6.tgz",
      "integrity": "sha512-zaWCozRZ6DLEWAWFrVDz1H6FVXzUSfTy5FUMWsQlU8Ym5JP9eO4xkTIROFCQvhQf61z6O/G6ugw3SgAnvvm+HA==",
      "bin": {
        "tsc": "bin/tsc",
        "tsserver": "bin/tsserver"
      },
      "engines": {
        "node": ">=14.17"
      }
    }
  }
}
