
Microsoft Visual Studio Solution File, Format Version 12.00
# Visual Studio Version 17
VisualStudioVersion = 17.2.32630.192
MinimumVisualStudioVersion = 10.0.40219.1
Project("{9A19103F-16F7-4668-BE54-9A1E7A4F7556}") = "Soccer", "Soccer\Soccer.csproj", "{CA54D5C9-14E1-4603-9B7F-B501B057A3D5}"
EndProject
Project("{FAE04EC0-301F-11D3-BF4B-00C04F79EFBC}") = "Soccer.Data", "Soccer.Data\Soccer.Data.csproj", "{AAD2B544-761D-4DD5-901E-668B51B590C4}"
EndProject
Global
	GlobalSection(SolutionConfigurationPlatforms) = preSolution
		Debug|Any CPU = Debug|Any CPU
		Release|Any CPU = Release|Any CPU
	EndGlobalSection
	GlobalSection(ProjectConfigurationPlatforms) = postSolution
		{CA54D5C9-14E1-4603-9B7F-B501B057A3D5}.Debug|Any CPU.ActiveCfg = Debug|Any CPU
		{CA54D5C9-14E1-4603-9B7F-B501B057A3D5}.Debug|Any CPU.Build.0 = Debug|Any CPU
		{CA54D5C9-14E1-4603-9B7F-B501B057A3D5}.Release|Any CPU.ActiveCfg = Release|Any CPU
		{CA54D5C9-14E1-4603-9B7F-B501B057A3D5}.Release|Any CPU.Build.0 = Release|Any CPU
		{AAD2B544-761D-4DD5-901E-668B51B590C4}.Debug|Any CPU.ActiveCfg = Debug|Any CPU
		{AAD2B544-761D-4DD5-901E-668B51B590C4}.Debug|Any CPU.Build.0 = Debug|Any CPU
		{AAD2B544-761D-4DD5-901E-668B51B590C4}.Release|Any CPU.ActiveCfg = Release|Any CPU
		{AAD2B544-761D-4DD5-901E-668B51B590C4}.Release|Any CPU.Build.0 = Release|Any CPU
	EndGlobalSection
	GlobalSection(SolutionProperties) = preSolution
		HideSolutionNode = FALSE
	EndGlobalSection
	GlobalSection(ExtensibilityGlobals) = postSolution
		SolutionGuid = {A19D2EF6-404F-4337-8F59-74871DD5AB01}
	EndGlobalSection
EndGlobal
